
Microsoft Visual Studio Solution File, Format Version 12.00
# Visual Studio Version 17
VisualStudioVersion = 17.8.34322.80
MinimumVisualStudioVersion = 10.0.40219.1
Project("{FAE04EC0-301F-11D3-BF4B-00C04F79EFBC}") = "Trivia game", "Trivia game.csproj", "{8BD8B06E-8EF9-40E0-BD85-47D9C1203609}"
EndProject
Global
	GlobalSection(SolutionConfigurationPlatforms) = preSolution
		Debug|Any CPU = Debug|Any CPU
		Release|Any CPU = Release|Any CPU
	EndGlobalSection
	GlobalSection(ProjectConfigurationPlatforms) = postSolution
		{8BD8B06E-8EF9-40E0-BD85-47D9C1203609}.Debug|Any CPU.ActiveCfg = Debug|Any CPU
		{8BD8B06E-8EF9-40E0-BD85-47D9C1203609}.Debug|Any CPU.Build.0 = Debug|Any CPU
		{8BD8B06E-8EF9-40E0-BD85-47D9C1203609}.Release|Any CPU.ActiveCfg = Release|Any CPU
		{8BD8B06E-8EF9-40E0-BD85-47D9C1203609}.Release|Any CPU.Build.0 = Release|Any CPU
	EndGlobalSection
	GlobalSection(SolutionProperties) = preSolution
		HideSolutionNode = FALSE
	EndGlobalSection
	GlobalSection(ExtensibilityGlobals) = postSolution
		SolutionGuid = {A41D8B7B-355D-4A58-8E70-2C5A44AEF4B1}
	EndGlobalSection
EndGlobal
